{
  "name": "student-journeys",
  "version": "1.0.0",
  "lockfileVersion": 1,
  "requires": true,
  "dependencies": {
    "codyhouse-framework": {
      "version": "2.1.4",
      "resolved": "https://registry.npmjs.org/codyhouse-framework/-/codyhouse-framework-2.1.4.tgz",
      "integrity": "sha512-mIEoh8VKVb3AFTnq6K79pm67WbfJtCi/zar4TDh+i2hVp+WZtvbbPZLw22/DpMwU9foCqCXc1njZZxVSG08XYg=="
    }
  }
}
